
Microsoft Visual Studio Solution File, Format Version 12.00
# Visual Studio Version 16
VisualStudioVersion = 16.0.30907.101
MinimumVisualStudioVersion = 10.0.40219.1
Project("{FAE04EC0-301F-11D3-BF4B-00C04F79EFBC}") = "SalesWebMvc", "SalesWebMvc\SalesWebMvc.csproj", "{9662B224-9D52-4185-83CF-38F0CF186637}"
EndProject
Global
	GlobalSection(SolutionConfigurationPlatforms) = preSolution
		Debug|Any CPU = Debug|Any CPU
		Release|Any CPU = Release|Any CPU
	EndGlobalSection
	GlobalSection(ProjectConfigurationPlatforms) = postSolution
		{9662B224-9D52-4185-83CF-38F0CF186637}.Debug|Any CPU.ActiveCfg = Debug|Any CPU
		{9662B224-9D52-4185-83CF-38F0CF186637}.Debug|Any CPU.Build.0 = Debug|Any CPU
		{9662B224-9D52-4185-83CF-38F0CF186637}.Release|Any CPU.ActiveCfg = Release|Any CPU
		{9662B224-9D52-4185-83CF-38F0CF186637}.Release|Any CPU.Build.0 = Release|Any CPU
	EndGlobalSection
	GlobalSection(SolutionProperties) = preSolution
		HideSolutionNode = FALSE
	EndGlobalSection
	GlobalSection(ExtensibilityGlobals) = postSolution
		SolutionGuid = {62084C9E-C9DF-4B13-886D-0A2C4A67B0EA}
	EndGlobalSection
EndGlobal
